// !$*UTF8*$!
{
	archiveVersion = 1;
	classes = {
	};
	objectVersion = 50;
	objects = {

/* Begin PBXBuildFile section */
		3259881022EF90E600D1A8BE /* TourGalleryCollectionViewController.swift in Sources */ = {isa = PBXBuildFile; fileRef = 3259880F22EF90E600D1A8BE /* TourGalleryCollectionViewController.swift */; };
		3259881222EF90FE00D1A8BE /* TourCollectionViewCell.swift in Sources */ = {isa = PBXBuildFile; fileRef = 3259881122EF90FE00D1A8BE /* TourCollectionViewCell.swift */; };
		3259881E22EFB47700D1A8BE /* CustomLabel.swift in Sources */ = {isa = PBXBuildFile; fileRef = 3259881D22EFB47700D1A8BE /* CustomLabel.swift */; };
		3737ED8222EF62BA0038001E /* Login.storyboard in Resources */ = {isa = PBXBuildFile; fileRef = 3737ED8122EF62BA0038001E /* Login.storyboard */; };
		3737ED8422EF62F60038001E /* WalkThrough.storyboard in Resources */ = {isa = PBXBuildFile; fileRef = 3737ED8322EF62F60038001E /* WalkThrough.storyboard */; };
		3737ED8622EF63170038001E /* CreateTour.storyboard in Resources */ = {isa = PBXBuildFile; fileRef = 3737ED8522EF63170038001E /* CreateTour.storyboard */; };
		3737ED8822EF63DD0038001E /* TourGallery.storyboard in Resources */ = {isa = PBXBuildFile; fileRef = 3737ED8722EF63DD0038001E /* TourGallery.storyboard */; };
		3737ED8A22EF63EB0038001E /* Settings.storyboard in Resources */ = {isa = PBXBuildFile; fileRef = 3737ED8922EF63EB0038001E /* Settings.storyboard */; };
		3737ED8C22EF65E50038001E /* ProjectColors.swift in Sources */ = {isa = PBXBuildFile; fileRef = 3737ED8B22EF65E50038001E /* ProjectColors.swift */; };
		3737ED9622EF69460038001E /* BebasNeue-Light.ttf in Resources */ = {isa = PBXBuildFile; fileRef = 3737ED9322EF69390038001E /* BebasNeue-Light.ttf */; };
		3737ED9822EF694D0038001E /* BebasNeue-Thin.ttf in Resources */ = {isa = PBXBuildFile; fileRef = 3737ED9222EF69390038001E /* BebasNeue-Thin.ttf */; };
		3737ED9922EF69510038001E /* BebasNeue-Regular.ttf in Resources */ = {isa = PBXBuildFile; fileRef = 3737ED8E22EF69240038001E /* BebasNeue-Regular.ttf */; };
		37C851CC22EF872600406985 /* ProfileViewController.swift in Sources */ = {isa = PBXBuildFile; fileRef = 37C851CB22EF872600406985 /* ProfileViewController.swift */; };
		66BDE11A22EFA0240029199F /* BebasNeue-Bold.ttf in Resources */ = {isa = PBXBuildFile; fileRef = 66BDE11922EFA0240029199F /* BebasNeue-Bold.ttf */; };
		66BDE11C22EFA0300029199F /* BebasNeue-Book.ttf in Resources */ = {isa = PBXBuildFile; fileRef = 66BDE11B22EFA0300029199F /* BebasNeue-Book.ttf */; };
		66F4211722EF3D7600B78375 /* AppDelegate.swift in Sources */ = {isa = PBXBuildFile; fileRef = 66F4211622EF3D7600B78375 /* AppDelegate.swift */; };
		66F4211C22EF3D7600B78375 /* Profile.storyboard in Resources */ = {isa = PBXBuildFile; fileRef = 66F4211A22EF3D7600B78375 /* Profile.storyboard */; };
		66F4211E22EF3D7700B78375 /* Assets.xcassets in Resources */ = {isa = PBXBuildFile; fileRef = 66F4211D22EF3D7700B78375 /* Assets.xcassets */; };
		66F4212A22EF582E00B78375 /* Guidr.xcdatamodeld in Sources */ = {isa = PBXBuildFile; fileRef = 66F4212822EF582E00B78375 /* Guidr.xcdatamodeld */; };
		66F4212D22EF592D00B78375 /* CoreDataStack.swift in Sources */ = {isa = PBXBuildFile; fileRef = 66F4212C22EF592D00B78375 /* CoreDataStack.swift */; };
		66F4212F22EF596800B78375 /* UserRepresentation.swift in Sources */ = {isa = PBXBuildFile; fileRef = 66F4212E22EF596800B78375 /* UserRepresentation.swift */; };
		66F4213122EF597200B78375 /* TourRepresentation.swift in Sources */ = {isa = PBXBuildFile; fileRef = 66F4213022EF597200B78375 /* TourRepresentation.swift */; };
		66F4213322EF597C00B78375 /* Tour+Convenience.swift in Sources */ = {isa = PBXBuildFile; fileRef = 66F4213222EF597C00B78375 /* Tour+Convenience.swift */; };
		66F4213522EF598800B78375 /* User+Convenience.swift in Sources */ = {isa = PBXBuildFile; fileRef = 66F4213422EF598800B78375 /* User+Convenience.swift */; };
		66F4213922EF622F00B78375 /* UserController.swift in Sources */ = {isa = PBXBuildFile; fileRef = 66F4213822EF622F00B78375 /* UserController.swift */; };
		66F4213B22EF623A00B78375 /* TourController.swift in Sources */ = {isa = PBXBuildFile; fileRef = 66F4213A22EF623A00B78375 /* TourController.swift */; };
		66F4214022EF747F00B78375 /* KeychainItemAccessibility.swift in Sources */ = {isa = PBXBuildFile; fileRef = 66F4213E22EF747F00B78375 /* KeychainItemAccessibility.swift */; };
		66F4214122EF747F00B78375 /* KeychainWrapper.swift in Sources */ = {isa = PBXBuildFile; fileRef = 66F4213F22EF747F00B78375 /* KeychainWrapper.swift */; };
		66F4214422EF8C8600B78375 /* LoginViewController.swift in Sources */ = {isa = PBXBuildFile; fileRef = 66F4214322EF8C8600B78375 /* LoginViewController.swift */; };
		66F4214622EF92B900B78375 /* Montserrat-Medium.ttf in Resources */ = {isa = PBXBuildFile; fileRef = 66F4214522EF92B900B78375 /* Montserrat-Medium.ttf */; };
		66F4214822EF970900B78375 /* Montserrat-Bold.ttf in Resources */ = {isa = PBXBuildFile; fileRef = 66F4214722EF970900B78375 /* Montserrat-Bold.ttf */; };
		66F4214A22EF982000B78375 /* Launch Screen.storyboard in Resources */ = {isa = PBXBuildFile; fileRef = 66F4214922EF981F00B78375 /* Launch Screen.storyboard */; };
/* End PBXBuildFile section */

/* Begin PBXFileReference section */
		3259880F22EF90E600D1A8BE /* TourGalleryCollectionViewController.swift */ = {isa = PBXFileReference; lastKnownFileType = sourcecode.swift; name = TourGalleryCollectionViewController.swift; path = ../../../../../../Documents/TourGalleryCollectionViewController.swift; sourceTree = "<group>"; };
		3259881122EF90FE00D1A8BE /* TourCollectionViewCell.swift */ = {isa = PBXFileReference; lastKnownFileType = sourcecode.swift; name = TourCollectionViewCell.swift; path = ../../../../../../Documents/TourCollectionViewCell.swift; sourceTree = "<group>"; };
		3259881D22EFB47700D1A8BE /* CustomLabel.swift */ = {isa = PBXFileReference; lastKnownFileType = sourcecode.swift; path = CustomLabel.swift; sourceTree = "<group>"; };
		3737ED8122EF62BA0038001E /* Login.storyboard */ = {isa = PBXFileReference; lastKnownFileType = file.storyboard; path = Login.storyboard; sourceTree = "<group>"; };
		3737ED8322EF62F60038001E /* WalkThrough.storyboard */ = {isa = PBXFileReference; lastKnownFileType = file.storyboard; path = WalkThrough.storyboard; sourceTree = "<group>"; };
		3737ED8522EF63170038001E /* CreateTour.storyboard */ = {isa = PBXFileReference; lastKnownFileType = file.storyboard; path = CreateTour.storyboard; sourceTree = "<group>"; };
		3737ED8722EF63DD0038001E /* TourGallery.storyboard */ = {isa = PBXFileReference; lastKnownFileType = file.storyboard; path = TourGallery.storyboard; sourceTree = "<group>"; };
		3737ED8922EF63EB0038001E /* Settings.storyboard */ = {isa = PBXFileReference; lastKnownFileType = file.storyboard; path = Settings.storyboard; sourceTree = "<group>"; };
		3737ED8B22EF65E50038001E /* ProjectColors.swift */ = {isa = PBXFileReference; lastKnownFileType = sourcecode.swift; path = ProjectColors.swift; sourceTree = "<group>"; };
		3737ED8E22EF69240038001E /* BebasNeue-Regular.ttf */ = {isa = PBXFileReference; lastKnownFileType = file; path = "BebasNeue-Regular.ttf"; sourceTree = "<group>"; };
		3737ED9222EF69390038001E /* BebasNeue-Thin.ttf */ = {isa = PBXFileReference; lastKnownFileType = file; path = "BebasNeue-Thin.ttf"; sourceTree = "<group>"; };
		3737ED9322EF69390038001E /* BebasNeue-Light.ttf */ = {isa = PBXFileReference; lastKnownFileType = file; path = "BebasNeue-Light.ttf"; sourceTree = "<group>"; };
		37C851CB22EF872600406985 /* ProfileViewController.swift */ = {isa = PBXFileReference; lastKnownFileType = sourcecode.swift; path = ProfileViewController.swift; sourceTree = "<group>"; };
		66BDE11922EFA0240029199F /* BebasNeue-Bold.ttf */ = {isa = PBXFileReference; lastKnownFileType = file; path = "BebasNeue-Bold.ttf"; sourceTree = "<group>"; };
		66BDE11B22EFA0300029199F /* BebasNeue-Book.ttf */ = {isa = PBXFileReference; lastKnownFileType = file; path = "BebasNeue-Book.ttf"; sourceTree = "<group>"; };
		66F4211322EF3D7600B78375 /* Guidr.app */ = {isa = PBXFileReference; explicitFileType = wrapper.application; includeInIndex = 0; path = Guidr.app; sourceTree = BUILT_PRODUCTS_DIR; };
		66F4211622EF3D7600B78375 /* AppDelegate.swift */ = {isa = PBXFileReference; lastKnownFileType = sourcecode.swift; path = AppDelegate.swift; sourceTree = "<group>"; };
		66F4211B22EF3D7600B78375 /* Base */ = {isa = PBXFileReference; lastKnownFileType = file.storyboard; name = Base; path = Base.lproj/Profile.storyboard; sourceTree = "<group>"; };
		66F4211D22EF3D7700B78375 /* Assets.xcassets */ = {isa = PBXFileReference; lastKnownFileType = folder.assetcatalog; path = Assets.xcassets; sourceTree = "<group>"; };
		66F4212222EF3D7700B78375 /* Info.plist */ = {isa = PBXFileReference; lastKnownFileType = text.plist.xml; path = Info.plist; sourceTree = "<group>"; };
		66F4212922EF582E00B78375 /* Guidr.xcdatamodel */ = {isa = PBXFileReference; lastKnownFileType = wrapper.xcdatamodel; path = Guidr.xcdatamodel; sourceTree = "<group>"; };
		66F4212C22EF592D00B78375 /* CoreDataStack.swift */ = {isa = PBXFileReference; lastKnownFileType = sourcecode.swift; path = CoreDataStack.swift; sourceTree = "<group>"; };
		66F4212E22EF596800B78375 /* UserRepresentation.swift */ = {isa = PBXFileReference; lastKnownFileType = sourcecode.swift; path = UserRepresentation.swift; sourceTree = "<group>"; };
		66F4213022EF597200B78375 /* TourRepresentation.swift */ = {isa = PBXFileReference; lastKnownFileType = sourcecode.swift; path = TourRepresentation.swift; sourceTree = "<group>"; };
		66F4213222EF597C00B78375 /* Tour+Convenience.swift */ = {isa = PBXFileReference; lastKnownFileType = sourcecode.swift; path = "Tour+Convenience.swift"; sourceTree = "<group>"; };
		66F4213422EF598800B78375 /* User+Convenience.swift */ = {isa = PBXFileReference; lastKnownFileType = sourcecode.swift; path = "User+Convenience.swift"; sourceTree = "<group>"; };
		66F4213822EF622F00B78375 /* UserController.swift */ = {isa = PBXFileReference; lastKnownFileType = sourcecode.swift; path = UserController.swift; sourceTree = "<group>"; };
		66F4213A22EF623A00B78375 /* TourController.swift */ = {isa = PBXFileReference; lastKnownFileType = sourcecode.swift; path = TourController.swift; sourceTree = "<group>"; };
		66F4213E22EF747F00B78375 /* KeychainItemAccessibility.swift */ = {isa = PBXFileReference; fileEncoding = 4; lastKnownFileType = sourcecode.swift; path = KeychainItemAccessibility.swift; sourceTree = "<group>"; };
		66F4213F22EF747F00B78375 /* KeychainWrapper.swift */ = {isa = PBXFileReference; fileEncoding = 4; lastKnownFileType = sourcecode.swift; path = KeychainWrapper.swift; sourceTree = "<group>"; };
		66F4214322EF8C8600B78375 /* LoginViewController.swift */ = {isa = PBXFileReference; lastKnownFileType = sourcecode.swift; path = LoginViewController.swift; sourceTree = "<group>"; };
		66F4214522EF92B900B78375 /* Montserrat-Medium.ttf */ = {isa = PBXFileReference; lastKnownFileType = file; path = "Montserrat-Medium.ttf"; sourceTree = "<group>"; };
		66F4214722EF970900B78375 /* Montserrat-Bold.ttf */ = {isa = PBXFileReference; lastKnownFileType = file; path = "Montserrat-Bold.ttf"; sourceTree = "<group>"; };
		66F4214922EF981F00B78375 /* Launch Screen.storyboard */ = {isa = PBXFileReference; lastKnownFileType = file.storyboard; path = "Launch Screen.storyboard"; sourceTree = "<group>"; };
/* End PBXFileReference section */

/* Begin PBXFrameworksBuildPhase section */
		66F4211022EF3D7600B78375 /* Frameworks */ = {
			isa = PBXFrameworksBuildPhase;
			buildActionMask = 2147483647;
			files = (
			);
			runOnlyForDeploymentPostprocessing = 0;
		};
/* End PBXFrameworksBuildPhase section */

/* Begin PBXGroup section */
		3737ED7F22EF62280038001E /* Resources */ = {
			isa = PBXGroup;
			children = (
				66F4212222EF3D7700B78375 /* Info.plist */,
				66F4211D22EF3D7700B78375 /* Assets.xcassets */,
				66F4211622EF3D7600B78375 /* AppDelegate.swift */,
				3737ED8D22EF69120038001E /* Fonts */,
				3737ED8B22EF65E50038001E /* ProjectColors.swift */,
				3259881D22EFB47700D1A8BE /* CustomLabel.swift */,
			);
			path = Resources;
			sourceTree = "<group>";
		};
		3737ED8022EF62390038001E /* Views */ = {
			isa = PBXGroup;
			children = (
				66F4214922EF981F00B78375 /* Launch Screen.storyboard */,
				3737ED8122EF62BA0038001E /* Login.storyboard */,
				3737ED8322EF62F60038001E /* WalkThrough.storyboard */,
				3737ED8522EF63170038001E /* CreateTour.storyboard */,
				3737ED8722EF63DD0038001E /* TourGallery.storyboard */,
				3737ED8922EF63EB0038001E /* Settings.storyboard */,
				66F4211A22EF3D7600B78375 /* Profile.storyboard */,
				3259881122EF90FE00D1A8BE /* TourCollectionViewCell.swift */,
			);
			path = Views;
			sourceTree = "<group>";
		};
		3737ED8D22EF69120038001E /* Fonts */ = {
			isa = PBXGroup;
			children = (
				3737ED9322EF69390038001E /* BebasNeue-Light.ttf */,
				3737ED9222EF69390038001E /* BebasNeue-Thin.ttf */,
				66BDE11922EFA0240029199F /* BebasNeue-Bold.ttf */,
				66BDE11B22EFA0300029199F /* BebasNeue-Book.ttf */,
				3737ED8E22EF69240038001E /* BebasNeue-Regular.ttf */,
				66F4214522EF92B900B78375 /* Montserrat-Medium.ttf */,
				66F4214722EF970900B78375 /* Montserrat-Bold.ttf */,
			);
			path = Fonts;
			sourceTree = "<group>";
		};
		37C851CD22EF872B00406985 /* ViewControllers */ = {
			isa = PBXGroup;
			children = (
				66F4214322EF8C8600B78375 /* LoginViewController.swift */,
				37C851CB22EF872600406985 /* ProfileViewController.swift */,
				3259880F22EF90E600D1A8BE /* TourGalleryCollectionViewController.swift */,
			);
			path = ViewControllers;
			sourceTree = "<group>";
		};
		66F4210A22EF3D7600B78375 = {
			isa = PBXGroup;
			children = (
				66F4211522EF3D7600B78375 /* Guidr */,
				66F4211422EF3D7600B78375 /* Products */,
			);
			sourceTree = "<group>";
		};
		66F4211422EF3D7600B78375 /* Products */ = {
			isa = PBXGroup;
			children = (
				66F4211322EF3D7600B78375 /* Guidr.app */,
			);
			name = Products;
			sourceTree = "<group>";
		};
		66F4211522EF3D7600B78375 /* Guidr */ = {
			isa = PBXGroup;
			children = (
				3737ED8022EF62390038001E /* Views */,
				37C851CD22EF872B00406985 /* ViewControllers */,
				3737ED7F22EF62280038001E /* Resources */,
				66F4212B22EF584500B78375 /* Models */,
				66F4213C22EF623F00B78375 /* Model Controllers */,
				66F4214222EF748500B78375 /* Libraries */,
			);
			path = Guidr;
			sourceTree = "<group>";
		};
		66F4212B22EF584500B78375 /* Models */ = {
			isa = PBXGroup;
			children = (
				66F4212822EF582E00B78375 /* Guidr.xcdatamodeld */,
				66F4212C22EF592D00B78375 /* CoreDataStack.swift */,
				66F4212E22EF596800B78375 /* UserRepresentation.swift */,
				66F4213022EF597200B78375 /* TourRepresentation.swift */,
				66F4213422EF598800B78375 /* User+Convenience.swift */,
				66F4213222EF597C00B78375 /* Tour+Convenience.swift */,
			);
			path = Models;
			sourceTree = "<group>";
		};
		66F4213C22EF623F00B78375 /* Model Controllers */ = {
			isa = PBXGroup;
			children = (
				66F4213822EF622F00B78375 /* UserController.swift */,
				66F4213A22EF623A00B78375 /* TourController.swift */,
			);
			path = "Model Controllers";
			sourceTree = "<group>";
		};
		66F4214222EF748500B78375 /* Libraries */ = {
			isa = PBXGroup;
			children = (
				66F4213E22EF747F00B78375 /* KeychainItemAccessibility.swift */,
				66F4213F22EF747F00B78375 /* KeychainWrapper.swift */,
			);
			path = Libraries;
			sourceTree = "<group>";
		};
/* End PBXGroup section */

/* Begin PBXNativeTarget section */
		66F4211222EF3D7600B78375 /* Guidr */ = {
			isa = PBXNativeTarget;
			buildConfigurationList = 66F4212522EF3D7700B78375 /* Build configuration list for PBXNativeTarget "Guidr" */;
			buildPhases = (
				66F4210F22EF3D7600B78375 /* Sources */,
				66F4211022EF3D7600B78375 /* Frameworks */,
				66F4211122EF3D7600B78375 /* Resources */,
			);
			buildRules = (
			);
			dependencies = (
			);
			name = Guidr;
			productName = Guidr;
			productReference = 66F4211322EF3D7600B78375 /* Guidr.app */;
			productType = "com.apple.product-type.application";
		};
/* End PBXNativeTarget section */

/* Begin PBXProject section */
		66F4210B22EF3D7600B78375 /* Project object */ = {
			isa = PBXProject;
			attributes = {
				LastSwiftUpdateCheck = 1030;
				LastUpgradeCheck = 1030;
				ORGANIZATIONNAME = "Sean Acres";
				TargetAttributes = {
					66F4211222EF3D7600B78375 = {
						CreatedOnToolsVersion = 10.3;
					};
				};
			};
			buildConfigurationList = 66F4210E22EF3D7600B78375 /* Build configuration list for PBXProject "Guidr" */;
			compatibilityVersion = "Xcode 9.3";
			developmentRegion = en;
			hasScannedForEncodings = 0;
			knownRegions = (
				en,
				Base,
			);
			mainGroup = 66F4210A22EF3D7600B78375;
			productRefGroup = 66F4211422EF3D7600B78375 /* Products */;
			projectDirPath = "";
			projectRoot = "";
			targets = (
				66F4211222EF3D7600B78375 /* Guidr */,
			);
		};
/* End PBXProject section */

/* Begin PBXResourcesBuildPhase section */
		66F4211122EF3D7600B78375 /* Resources */ = {
			isa = PBXResourcesBuildPhase;
			buildActionMask = 2147483647;
			files = (
				3737ED8822EF63DD0038001E /* TourGallery.storyboard in Resources */,
				3737ED9922EF69510038001E /* BebasNeue-Regular.ttf in Resources */,
				66F4214A22EF982000B78375 /* Launch Screen.storyboard in Resources */,
				3737ED9822EF694D0038001E /* BebasNeue-Thin.ttf in Resources */,
				3737ED8622EF63170038001E /* CreateTour.storyboard in Resources */,
				66F4214822EF970900B78375 /* Montserrat-Bold.ttf in Resources */,
				66BDE11A22EFA0240029199F /* BebasNeue-Bold.ttf in Resources */,
				3737ED9622EF69460038001E /* BebasNeue-Light.ttf in Resources */,
				3737ED8222EF62BA0038001E /* Login.storyboard in Resources */,
				3737ED8A22EF63EB0038001E /* Settings.storyboard in Resources */,
				66F4211E22EF3D7700B78375 /* Assets.xcassets in Resources */,
				66F4214622EF92B900B78375 /* Montserrat-Medium.ttf in Resources */,
				66BDE11C22EFA0300029199F /* BebasNeue-Book.ttf in Resources */,
				66F4211C22EF3D7600B78375 /* Profile.storyboard in Resources */,
				3737ED8422EF62F60038001E /* WalkThrough.storyboard in Resources */,
			);
			runOnlyForDeploymentPostprocessing = 0;
		};
/* End PBXResourcesBuildPhase section */

/* Begin PBXSourcesBuildPhase section */
		66F4210F22EF3D7600B78375 /* Sources */ = {
			isa = PBXSourcesBuildPhase;
			buildActionMask = 2147483647;
			files = (
				66F4214422EF8C8600B78375 /* LoginViewController.swift in Sources */,
				66F4213922EF622F00B78375 /* UserController.swift in Sources */,
				66F4213522EF598800B78375 /* User+Convenience.swift in Sources */,
				66F4213322EF597C00B78375 /* Tour+Convenience.swift in Sources */,
				3259881222EF90FE00D1A8BE /* TourCollectionViewCell.swift in Sources */,
				3259881E22EFB47700D1A8BE /* CustomLabel.swift in Sources */,
				3259881022EF90E600D1A8BE /* TourGalleryCollectionViewController.swift in Sources */,
				66F4212A22EF582E00B78375 /* Guidr.xcdatamodeld in Sources */,
				66F4213B22EF623A00B78375 /* TourController.swift in Sources */,
				66F4212F22EF596800B78375 /* UserRepresentation.swift in Sources */,
				66F4211722EF3D7600B78375 /* AppDelegate.swift in Sources */,
				3737ED8C22EF65E50038001E /* ProjectColors.swift in Sources */,
				66F4213122EF597200B78375 /* TourRepresentation.swift in Sources */,
				66F4214122EF747F00B78375 /* KeychainWrapper.swift in Sources */,
				37C851CC22EF872600406985 /* ProfileViewController.swift in Sources */,
				66F4212D22EF592D00B78375 /* CoreDataStack.swift in Sources */,
				66F4214022EF747F00B78375 /* KeychainItemAccessibility.swift in Sources */,
			);
			runOnlyForDeploymentPostprocessing = 0;
		};
/* End PBXSourcesBuildPhase section */

/* Begin PBXVariantGroup section */
		66F4211A22EF3D7600B78375 /* Profile.storyboard */ = {
			isa = PBXVariantGroup;
			children = (
				66F4211B22EF3D7600B78375 /* Base */,
			);
			name = Profile.storyboard;
			sourceTree = "<group>";
		};
/* End PBXVariantGroup section */

/* Begin XCBuildConfiguration section */
		66F4212322EF3D7700B78375 /* Debug */ = {
			isa = XCBuildConfiguration;
			buildSettings = {
				ALWAYS_SEARCH_USER_PATHS = NO;
				CLANG_ANALYZER_NONNULL = YES;
				CLANG_ANALYZER_NUMBER_OBJECT_CONVERSION = YES_AGGRESSIVE;
				CLANG_CXX_LANGUAGE_STANDARD = "gnu++14";
				CLANG_CXX_LIBRARY = "libc++";
				CLANG_ENABLE_MODULES = YES;
				CLANG_ENABLE_OBJC_ARC = YES;
				CLANG_ENABLE_OBJC_WEAK = YES;
				CLANG_WARN_BLOCK_CAPTURE_AUTORELEASING = YES;
				CLANG_WARN_BOOL_CONVERSION = YES;
				CLANG_WARN_COMMA = YES;
				CLANG_WARN_CONSTANT_CONVERSION = YES;
				CLANG_WARN_DEPRECATED_OBJC_IMPLEMENTATIONS = YES;
				CLANG_WARN_DIRECT_OBJC_ISA_USAGE = YES_ERROR;
				CLANG_WARN_DOCUMENTATION_COMMENTS = YES;
				CLANG_WARN_EMPTY_BODY = YES;
				CLANG_WARN_ENUM_CONVERSION = YES;
				CLANG_WARN_INFINITE_RECURSION = YES;
				CLANG_WARN_INT_CONVERSION = YES;
				CLANG_WARN_NON_LITERAL_NULL_CONVERSION = YES;
				CLANG_WARN_OBJC_IMPLICIT_RETAIN_SELF = YES;
				CLANG_WARN_OBJC_LITERAL_CONVERSION = YES;
				CLANG_WARN_OBJC_ROOT_CLASS = YES_ERROR;
				CLANG_WARN_RANGE_LOOP_ANALYSIS = YES;
				CLANG_WARN_STRICT_PROTOTYPES = YES;
				CLANG_WARN_SUSPICIOUS_MOVE = YES;
				CLANG_WARN_UNGUARDED_AVAILABILITY = YES_AGGRESSIVE;
				CLANG_WARN_UNREACHABLE_CODE = YES;
				CLANG_WARN__DUPLICATE_METHOD_MATCH = YES;
				CODE_SIGN_IDENTITY = "iPhone Developer";
				COPY_PHASE_STRIP = NO;
				DEBUG_INFORMATION_FORMAT = dwarf;
				ENABLE_STRICT_OBJC_MSGSEND = YES;
				ENABLE_TESTABILITY = YES;
				GCC_C_LANGUAGE_STANDARD = gnu11;
				GCC_DYNAMIC_NO_PIC = NO;
				GCC_NO_COMMON_BLOCKS = YES;
				GCC_OPTIMIZATION_LEVEL = 0;
				GCC_PREPROCESSOR_DEFINITIONS = (
					"DEBUG=1",
					"$(inherited)",
				);
				GCC_WARN_64_TO_32_BIT_CONVERSION = YES;
				GCC_WARN_ABOUT_RETURN_TYPE = YES_ERROR;
				GCC_WARN_UNDECLARED_SELECTOR = YES;
				GCC_WARN_UNINITIALIZED_AUTOS = YES_AGGRESSIVE;
				GCC_WARN_UNUSED_FUNCTION = YES;
				GCC_WARN_UNUSED_VARIABLE = YES;
				IPHONEOS_DEPLOYMENT_TARGET = 12.4;
				MTL_ENABLE_DEBUG_INFO = INCLUDE_SOURCE;
				MTL_FAST_MATH = YES;
				ONLY_ACTIVE_ARCH = YES;
				SDKROOT = iphoneos;
				SWIFT_ACTIVE_COMPILATION_CONDITIONS = DEBUG;
				SWIFT_OPTIMIZATION_LEVEL = "-Onone";
			};
			name = Debug;
		};
		66F4212422EF3D7700B78375 /* Release */ = {
			isa = XCBuildConfiguration;
			buildSettings = {
				ALWAYS_SEARCH_USER_PATHS = NO;
				CLANG_ANALYZER_NONNULL = YES;
				CLANG_ANALYZER_NUMBER_OBJECT_CONVERSION = YES_AGGRESSIVE;
				CLANG_CXX_LANGUAGE_STANDARD = "gnu++14";
				CLANG_CXX_LIBRARY = "libc++";
				CLANG_ENABLE_MODULES = YES;
				CLANG_ENABLE_OBJC_ARC = YES;
				CLANG_ENABLE_OBJC_WEAK = YES;
				CLANG_WARN_BLOCK_CAPTURE_AUTORELEASING = YES;
				CLANG_WARN_BOOL_CONVERSION = YES;
				CLANG_WARN_COMMA = YES;
				CLANG_WARN_CONSTANT_CONVERSION = YES;
				CLANG_WARN_DEPRECATED_OBJC_IMPLEMENTATIONS = YES;
				CLANG_WARN_DIRECT_OBJC_ISA_USAGE = YES_ERROR;
				CLANG_WARN_DOCUMENTATION_COMMENTS = YES;
				CLANG_WARN_EMPTY_BODY = YES;
				CLANG_WARN_ENUM_CONVERSION = YES;
				CLANG_WARN_INFINITE_RECURSION = YES;
				CLANG_WARN_INT_CONVERSION = YES;
				CLANG_WARN_NON_LITERAL_NULL_CONVERSION = YES;
				CLANG_WARN_OBJC_IMPLICIT_RETAIN_SELF = YES;
				CLANG_WARN_OBJC_LITERAL_CONVERSION = YES;
				CLANG_WARN_OBJC_ROOT_CLASS = YES_ERROR;
				CLANG_WARN_RANGE_LOOP_ANALYSIS = YES;
				CLANG_WARN_STRICT_PROTOTYPES = YES;
				CLANG_WARN_SUSPICIOUS_MOVE = YES;
				CLANG_WARN_UNGUARDED_AVAILABILITY = YES_AGGRESSIVE;
				CLANG_WARN_UNREACHABLE_CODE = YES;
				CLANG_WARN__DUPLICATE_METHOD_MATCH = YES;
				CODE_SIGN_IDENTITY = "iPhone Developer";
				COPY_PHASE_STRIP = NO;
				DEBUG_INFORMATION_FORMAT = "dwarf-with-dsym";
				ENABLE_NS_ASSERTIONS = NO;
				ENABLE_STRICT_OBJC_MSGSEND = YES;
				GCC_C_LANGUAGE_STANDARD = gnu11;
				GCC_NO_COMMON_BLOCKS = YES;
				GCC_WARN_64_TO_32_BIT_CONVERSION = YES;
				GCC_WARN_ABOUT_RETURN_TYPE = YES_ERROR;
				GCC_WARN_UNDECLARED_SELECTOR = YES;
				GCC_WARN_UNINITIALIZED_AUTOS = YES_AGGRESSIVE;
				GCC_WARN_UNUSED_FUNCTION = YES;
				GCC_WARN_UNUSED_VARIABLE = YES;
				IPHONEOS_DEPLOYMENT_TARGET = 12.4;
				MTL_ENABLE_DEBUG_INFO = NO;
				MTL_FAST_MATH = YES;
				SDKROOT = iphoneos;
				SWIFT_COMPILATION_MODE = wholemodule;
				SWIFT_OPTIMIZATION_LEVEL = "-O";
				VALIDATE_PRODUCT = YES;
			};
			name = Release;
		};
		66F4212622EF3D7700B78375 /* Debug */ = {
			isa = XCBuildConfiguration;
			buildSettings = {
				ASSETCATALOG_COMPILER_APPICON_NAME = AppIcon;
				CODE_SIGN_STYLE = Automatic;
				DEVELOPMENT_TEAM = "";
				INFOPLIST_FILE = "$(SRCROOT)/Guidr/Resources/Info.plist";
				LD_RUNPATH_SEARCH_PATHS = (
					"$(inherited)",
					"@executable_path/Frameworks",
				);
				PRODUCT_BUNDLE_IDENTIFIER = com.shakers.Guidr;
				PRODUCT_NAME = "$(TARGET_NAME)";
				SWIFT_VERSION = 5.0;
				TARGETED_DEVICE_FAMILY = "1,2";
			};
			name = Debug;
		};
		66F4212722EF3D7700B78375 /* Release */ = {
			isa = XCBuildConfiguration;
			buildSettings = {
				ASSETCATALOG_COMPILER_APPICON_NAME = AppIcon;
				CODE_SIGN_STYLE = Automatic;
				DEVELOPMENT_TEAM = "";
				INFOPLIST_FILE = "$(SRCROOT)/Guidr/Resources/Info.plist";
				LD_RUNPATH_SEARCH_PATHS = (
					"$(inherited)",
					"@executable_path/Frameworks",
				);
				PRODUCT_BUNDLE_IDENTIFIER = com.shakers.Guidr;
				PRODUCT_NAME = "$(TARGET_NAME)";
				SWIFT_VERSION = 5.0;
				TARGETED_DEVICE_FAMILY = "1,2";
			};
			name = Release;
		};
/* End XCBuildConfiguration section */

/* Begin XCConfigurationList section */
		66F4210E22EF3D7600B78375 /* Build configuration list for PBXProject "Guidr" */ = {
			isa = XCConfigurationList;
			buildConfigurations = (
				66F4212322EF3D7700B78375 /* Debug */,
				66F4212422EF3D7700B78375 /* Release */,
			);
			defaultConfigurationIsVisible = 0;
			defaultConfigurationName = Release;
		};
		66F4212522EF3D7700B78375 /* Build configuration list for PBXNativeTarget "Guidr" */ = {
			isa = XCConfigurationList;
			buildConfigurations = (
				66F4212622EF3D7700B78375 /* Debug */,
				66F4212722EF3D7700B78375 /* Release */,
			);
			defaultConfigurationIsVisible = 0;
			defaultConfigurationName = Release;
		};
/* End XCConfigurationList section */

/* Begin XCVersionGroup section */
		66F4212822EF582E00B78375 /* Guidr.xcdatamodeld */ = {
			isa = XCVersionGroup;
			children = (
				66F4212922EF582E00B78375 /* Guidr.xcdatamodel */,
			);
			currentVersion = 66F4212922EF582E00B78375 /* Guidr.xcdatamodel */;
			path = Guidr.xcdatamodeld;
			sourceTree = "<group>";
			versionGroupType = wrapper.xcdatamodel;
		};
/* End XCVersionGroup section */
	};
	rootObject = 66F4210B22EF3D7600B78375 /* Project object */;
}
